
Microsoft Visual Studio Solution File, Format Version 12.00
# Visual Studio Version 17
VisualStudioVersion = 17.10.35013.160
MinimumVisualStudioVersion = 10.0.40219.1
Project("{9A19103F-16F7-4668-BE54-9A1E7A4F7556}") = "Myshop.DataAccess", "Myshop.DataAccess\Myshop.DataAccess.csproj", "{206BC161-86FF-4AA4-8B40-CF83604CBDCD}"
EndProject
Project("{9A19103F-16F7-4668-BE54-9A1E7A4F7556}") = "MyShop.Entities", "MyShop.Entities\MyShop.Entities.csproj", "{83458DFB-7B50-4A26-AF0B-BCFA027686C6}"
EndProject
Project("{9A19103F-16F7-4668-BE54-9A1E7A4F7556}") = "MyShop.Web", "MyShop.Web\MyShop.Web.csproj", "{5C99637E-54EF-4B25-AC79-437A844EAB74}"
EndProject
Global
	GlobalSection(SolutionConfigurationPlatforms) = preSolution
		Debug|Any CPU = Debug|Any CPU
		Release|Any CPU = Release|Any CPU
	EndGlobalSection
	GlobalSection(ProjectConfigurationPlatforms) = postSolution
		{206BC161-86FF-4AA4-8B40-CF83604CBDCD}.Debug|Any CPU.ActiveCfg = Debug|Any CPU
		{206BC161-86FF-4AA4-8B40-CF83604CBDCD}.Debug|Any CPU.Build.0 = Debug|Any CPU
		{206BC161-86FF-4AA4-8B40-CF83604CBDCD}.Release|Any CPU.ActiveCfg = Release|Any CPU
		{206BC161-86FF-4AA4-8B40-CF83604CBDCD}.Release|Any CPU.Build.0 = Release|Any CPU
		{83458DFB-7B50-4A26-AF0B-BCFA027686C6}.Debug|Any CPU.ActiveCfg = Debug|Any CPU
		{83458DFB-7B50-4A26-AF0B-BCFA027686C6}.Debug|Any CPU.Build.0 = Debug|Any CPU
		{83458DFB-7B50-4A26-AF0B-BCFA027686C6}.Release|Any CPU.ActiveCfg = Release|Any CPU
		{83458DFB-7B50-4A26-AF0B-BCFA027686C6}.Release|Any CPU.Build.0 = Release|Any CPU
		{5C99637E-54EF-4B25-AC79-437A844EAB74}.Debug|Any CPU.ActiveCfg = Debug|Any CPU
		{5C99637E-54EF-4B25-AC79-437A844EAB74}.Debug|Any CPU.Build.0 = Debug|Any CPU
		{5C99637E-54EF-4B25-AC79-437A844EAB74}.Release|Any CPU.ActiveCfg = Release|Any CPU
		{5C99637E-54EF-4B25-AC79-437A844EAB74}.Release|Any CPU.Build.0 = Release|Any CPU
	EndGlobalSection
	GlobalSection(SolutionProperties) = preSolution
		HideSolutionNode = FALSE
	EndGlobalSection
	GlobalSection(ExtensibilityGlobals) = postSolution
		SolutionGuid = {D940057F-FD59-45C6-9861-1BDA0B610332}
	EndGlobalSection
EndGlobal
